github.com/caarlos0/env/v6 v6.10.1 h1:t1mPSxNpei6M5yAeu1qtRdPAK29Nbcf/n3G7x+b3/II=
github.com/caarlos0/env/v6 v6.10.1/go.mod h1:hvp/ryKXKipEkcuYjs9mI4bBCg+UI0Yhgm5Zu0ddvwc=
github.com/davecgh/go-spew v1.1.0/go.mod h1:J7Y8YcW2NihsgmVo/mv3lAwl/skON4iLHjSsI+c5H38=
github.com/davecgh/go-spew v1.1.1 h1:vj9j/u1bqnvCEfJOwUhtlOARqs3+rkHYY13jYWTU97c=
github.com/matoous/go-nanoid v1.5.0/go.mod h1:zyD2a71IubI24efhpvkJz+ZwfwagzgSO6UNiFsZKN7U=
github.com/matoous/go-nanoid/v2 v2.0.0 h1:d19kur2QuLeHmJBkvYkFdhFBzLoo1XVm2GgTpL+9Tj0=
github.com/matoous/go-nanoid/v2 v2.0.0/go.mod h1:FtS4aGPVfEkxKxhdWPAspZpZSh1cOjtM7Ej/So3hR0g=
github.com/pmezard/go-difflib v1.0.0 h1:4DBwDE0NGyQoBHbLQYPwSUPoCMWR5BEzIk/f1lZbAQM=
github.com/pmezard/go-difflib v1.0.0/go.mod h1:iKH77koFhYxTK1pcRnkKkqfTogsbg7gZNVY4sRDYZ/4=
github.com/stretchr/objx v0.1.0/go.mod h1:HFkY916IF+rwdDfMAkV7OtwuqBVzrE8GR6GFx+wExME=
github.com/stretchr/testify v1.6.1/go.mod h1:6Fq8oRcR53rry900zMqJjRRixrwX3KX962/h/Wwjteg=
github.com/stretchr/testify v1.7.0/go.mod h1:6Fq8oRcR53rry900zMqJjRRixrwX3KX962/h/Wwjteg=
github.com/stretchr/testify v1.8.1 h1:w7B6lhMri9wdJUVmEZPGGhZzrYTPvgJArz7wNPgYKsk=
github.com/yomorun/y3 v1.0.5 h1:1qoZrDX+47hgU2pVJgoCEpeeXEOqml/do5oHjF9Wef4=
github.com/yomorun/y3 v1.0.5/go.mod h1:+zwvZrKHe8D3fTMXNTsUsZXuI+kYxv3LRA2fSJEoWbo=
golang.org/x/exp v0.0.0-20221212164502-fae10dda9338 h1:OvjRkcNHnf6/W5FZXSxODbxwD+X7fspczG7Jn/xQVD4=
golang.org/x/exp v0.0.0-20221212164502-fae10dda9338/go.mod h1:CxIveKay+FTh1D0yPZemJVgC/95VzuuOLq5Qi4xnoYc=
gopkg.in/check.v1 v0.0.0-20161208181325-20d25e280405/go.mod h1:Co6ibVJAznAaIkqp8huTwlJQCZ016jof/cbN4VW5Yz0=
gopkg.in/yaml.v3 v3.0.0-20200313102051-9f266ea9e77c/go.mod h1:K4uyk7z7BCEPqu6E+C64Yfv1cQ7kz7rIZviUmN+EgEM=
gopkg.in/yaml.v3 v3.0.1 h1:fxVm/GzAzEWqLHuvctI91KS9hhNmmWOoWu0XTYJS7CA=
